
Microsoft Visual Studio Solution File, Format Version 12.00
# Visual Studio 2012
Project("{FAE04EC0-301F-11D3-BF4B-00C04F79EFBC}") = "CustomAuth", "CustomAuth\CustomAuth.csproj", "{520E2AC5-4FB3-4F86-A2E5-EAAE052F1954}"
EndProject
Project("{FAE04EC0-301F-11D3-BF4B-00C04F79EFBC}") = "Janrain", "Janrain\Janrain.csproj", "{A982EA7C-9EF3-4F15-8E22-C6C8C3C5D46A}"
EndProject
Project("{FAE04EC0-301F-11D3-BF4B-00C04F79EFBC}") = "jumpcli", "jumpcli\jumpcli.csproj", "{9530230D-BA28-4B21-89A3-C4479401D425}"
EndProject
Global
	GlobalSection(SolutionConfigurationPlatforms) = preSolution
		Debug|Any CPU = Debug|Any CPU
		Release|Any CPU = Release|Any CPU
	EndGlobalSection
	GlobalSection(ProjectConfigurationPlatforms) = postSolution
		{520E2AC5-4FB3-4F86-A2E5-EAAE052F1954}.Debug|Any CPU.ActiveCfg = Debug|Any CPU
		{520E2AC5-4FB3-4F86-A2E5-EAAE052F1954}.Debug|Any CPU.Build.0 = Debug|Any CPU
		{520E2AC5-4FB3-4F86-A2E5-EAAE052F1954}.Release|Any CPU.ActiveCfg = Release|Any CPU
		{520E2AC5-4FB3-4F86-A2E5-EAAE052F1954}.Release|Any CPU.Build.0 = Release|Any CPU
		{A982EA7C-9EF3-4F15-8E22-C6C8C3C5D46A}.Debug|Any CPU.ActiveCfg = Debug|Any CPU
		{A982EA7C-9EF3-4F15-8E22-C6C8C3C5D46A}.Debug|Any CPU.Build.0 = Debug|Any CPU
		{A982EA7C-9EF3-4F15-8E22-C6C8C3C5D46A}.Release|Any CPU.ActiveCfg = Release|Any CPU
		{A982EA7C-9EF3-4F15-8E22-C6C8C3C5D46A}.Release|Any CPU.Build.0 = Release|Any CPU
		{9530230D-BA28-4B21-89A3-C4479401D425}.Debug|Any CPU.ActiveCfg = Debug|Any CPU
		{9530230D-BA28-4B21-89A3-C4479401D425}.Debug|Any CPU.Build.0 = Debug|Any CPU
		{9530230D-BA28-4B21-89A3-C4479401D425}.Release|Any CPU.ActiveCfg = Release|Any CPU
		{9530230D-BA28-4B21-89A3-C4479401D425}.Release|Any CPU.Build.0 = Release|Any CPU
	EndGlobalSection
	GlobalSection(SolutionProperties) = preSolution
		HideSolutionNode = FALSE
	EndGlobalSection
EndGlobal
